// !$*UTF8*$!
{
	archiveVersion = 1;
	classes = {
	};
	objectVersion = 51;
	objects = {

/* Begin PBXBuildFile section */
		A63E235D22CBF13D0089FE1D /* CreateAccountViewController.swift in Sources */ = {isa = PBXBuildFile; fileRef = A63E235C22CBF13D0089FE1D /* CreateAccountViewController.swift */; };
		A63E236022CBF3560089FE1D /* Common.swift in Sources */ = {isa = PBXBuildFile; fileRef = A63E235F22CBF3560089FE1D /* Common.swift */; };
		A63E236222CBFD3A0089FE1D /* KeyboardDoneBar.xib in Resources */ = {isa = PBXBuildFile; fileRef = A63E236122CBFD3A0089FE1D /* KeyboardDoneBar.xib */; };
		A63E236422CCEE6D0089FE1D /* LoadingIndicatorView.swift in Sources */ = {isa = PBXBuildFile; fileRef = A63E236322CCEE6D0089FE1D /* LoadingIndicatorView.swift */; };
		A63E236722CCF57C0089FE1D /* UserModel.swift in Sources */ = {isa = PBXBuildFile; fileRef = A63E236622CCF57C0089FE1D /* UserModel.swift */; };
		A63E236C22CCFF370089FE1D /* LoginViewController.swift in Sources */ = {isa = PBXBuildFile; fileRef = A63E236B22CCFF370089FE1D /* LoginViewController.swift */; };
		A63E236E22CD294D0089FE1D /* TermsOfServiceViewController.swift in Sources */ = {isa = PBXBuildFile; fileRef = A63E236D22CD294D0089FE1D /* TermsOfServiceViewController.swift */; };
		A63E237122CD30AC0089FE1D /* MenuTableViewController.swift in Sources */ = {isa = PBXBuildFile; fileRef = A63E237022CD30AC0089FE1D /* MenuTableViewController.swift */; };
		A63E237422CD3A5F0089FE1D /* HomeViewController.swift in Sources */ = {isa = PBXBuildFile; fileRef = A63E237322CD3A5F0089FE1D /* HomeViewController.swift */; };
		A6BE788D22C159CF00AB7D65 /* AppDelegate.swift in Sources */ = {isa = PBXBuildFile; fileRef = A6BE788C22C159CF00AB7D65 /* AppDelegate.swift */; };
		A6BE789222C159CF00AB7D65 /* Login.storyboard in Resources */ = {isa = PBXBuildFile; fileRef = A6BE789022C159CF00AB7D65 /* Login.storyboard */; };
		A6BE789422C159D000AB7D65 /* Assets.xcassets in Resources */ = {isa = PBXBuildFile; fileRef = A6BE789322C159D000AB7D65 /* Assets.xcassets */; };
		A6BE789722C159D000AB7D65 /* LaunchScreen.storyboard in Resources */ = {isa = PBXBuildFile; fileRef = A6BE789522C159D000AB7D65 /* LaunchScreen.storyboard */; };
		A6BE78A222C159D000AB7D65 /* MuncheeTests.swift in Sources */ = {isa = PBXBuildFile; fileRef = A6BE78A122C159D000AB7D65 /* MuncheeTests.swift */; };
		A6BE78AD22C159D000AB7D65 /* MuncheeUITests.swift in Sources */ = {isa = PBXBuildFile; fileRef = A6BE78AC22C159D000AB7D65 /* MuncheeUITests.swift */; };
		A6BE78BE22C163ED00AB7D65 /* DriverLogin.storyboard in Resources */ = {isa = PBXBuildFile; fileRef = A6BE78BD22C163ED00AB7D65 /* DriverLogin.storyboard */; };
		A6BE78C522C16C4900AB7D65 /* SWRevealViewController.m in Sources */ = {isa = PBXBuildFile; fileRef = A6BE78C422C16C4900AB7D65 /* SWRevealViewController.m */; };
		A6BE78C722C2722600AB7D65 /* UserMain.storyboard in Resources */ = {isa = PBXBuildFile; fileRef = A6BE78C622C2722600AB7D65 /* UserMain.storyboard */; };
		A6BE78CA22C29CDE00AB7D65 /* Profile.storyboard in Resources */ = {isa = PBXBuildFile; fileRef = A6BE78C922C29CDE00AB7D65 /* Profile.storyboard */; };
		A6BE78CC22C29CEF00AB7D65 /* Order.storyboard in Resources */ = {isa = PBXBuildFile; fileRef = A6BE78CB22C29CEF00AB7D65 /* Order.storyboard */; };
		A6BE78CE22C29D0A00AB7D65 /* OrderHistory.storyboard in Resources */ = {isa = PBXBuildFile; fileRef = A6BE78CD22C29D0A00AB7D65 /* OrderHistory.storyboard */; };
		A6BE78D022C29D1C00AB7D65 /* ContactUs.storyboard in Resources */ = {isa = PBXBuildFile; fileRef = A6BE78CF22C29D1C00AB7D65 /* ContactUs.storyboard */; };
		A6BE78D222C29D2E00AB7D65 /* Application.storyboard in Resources */ = {isa = PBXBuildFile; fileRef = A6BE78D122C29D2E00AB7D65 /* Application.storyboard */; };
		D2888F1FD46D2C1CDF355624 /* Pods_MuncheeUITests.framework in Frameworks */ = {isa = PBXBuildFile; fileRef = 6A192EDFE366FF3C0B2DEA72 /* Pods_MuncheeUITests.framework */; };
		F6259ABBAF9960ECD1CC2F5C /* Pods_MuncheeTests.framework in Frameworks */ = {isa = PBXBuildFile; fileRef = 87AC4F34BB26845163A75A4B /* Pods_MuncheeTests.framework */; };
		FF59CECB71AF085E9E1641EC /* Pods_Munchee.framework in Frameworks */ = {isa = PBXBuildFile; fileRef = 5E5DC09ABE5819B59831DD82 /* Pods_Munchee.framework */; };
/* End PBXBuildFile section */

/* Begin PBXContainerItemProxy section */
		A6BE789E22C159D000AB7D65 /* PBXContainerItemProxy */ = {
			isa = PBXContainerItemProxy;
			containerPortal = A6BE788122C159CF00AB7D65 /* Project object */;
			proxyType = 1;
			remoteGlobalIDString = A6BE788822C159CF00AB7D65;
			remoteInfo = Munchee;
		};
		A6BE78A922C159D000AB7D65 /* PBXContainerItemProxy */ = {
			isa = PBXContainerItemProxy;
			containerPortal = A6BE788122C159CF00AB7D65 /* Project object */;
			proxyType = 1;
			remoteGlobalIDString = A6BE788822C159CF00AB7D65;
			remoteInfo = Munchee;
		};
/* End PBXContainerItemProxy section */

/* Begin PBXFileReference section */
		2844FD41AF5952CA2E030F9D /* Pods-MuncheeTests.debug.xcconfig */ = {isa = PBXFileReference; includeInIndex = 1; lastKnownFileType = text.xcconfig; name = "Pods-MuncheeTests.debug.xcconfig"; path = "Target Support Files/Pods-MuncheeTests/Pods-MuncheeTests.debug.xcconfig"; sourceTree = "<group>"; };
		5DED85EF414D9AE35A4F0B57 /* Pods-Munchee.debug.xcconfig */ = {isa = PBXFileReference; includeInIndex = 1; lastKnownFileType = text.xcconfig; name = "Pods-Munchee.debug.xcconfig"; path = "Target Support Files/Pods-Munchee/Pods-Munchee.debug.xcconfig"; sourceTree = "<group>"; };
		5E5DC09ABE5819B59831DD82 /* Pods_Munchee.framework */ = {isa = PBXFileReference; explicitFileType = wrapper.framework; includeInIndex = 0; path = Pods_Munchee.framework; sourceTree = BUILT_PRODUCTS_DIR; };
		5F7E50B57E04FDE92F1A969F /* Pods-MuncheeUITests.release.xcconfig */ = {isa = PBXFileReference; includeInIndex = 1; lastKnownFileType = text.xcconfig; name = "Pods-MuncheeUITests.release.xcconfig"; path = "Target Support Files/Pods-MuncheeUITests/Pods-MuncheeUITests.release.xcconfig"; sourceTree = "<group>"; };
		6A192EDFE366FF3C0B2DEA72 /* Pods_MuncheeUITests.framework */ = {isa = PBXFileReference; explicitFileType = wrapper.framework; includeInIndex = 0; path = Pods_MuncheeUITests.framework; sourceTree = BUILT_PRODUCTS_DIR; };
		7C4861BD0A1BB1CE52F8669B /* Pods-MuncheeUITests.debug.xcconfig */ = {isa = PBXFileReference; includeInIndex = 1; lastKnownFileType = text.xcconfig; name = "Pods-MuncheeUITests.debug.xcconfig"; path = "Target Support Files/Pods-MuncheeUITests/Pods-MuncheeUITests.debug.xcconfig"; sourceTree = "<group>"; };
		85AE415C2DEFF24C9DDE0952 /* Pods-Munchee.release.xcconfig */ = {isa = PBXFileReference; includeInIndex = 1; lastKnownFileType = text.xcconfig; name = "Pods-Munchee.release.xcconfig"; path = "Target Support Files/Pods-Munchee/Pods-Munchee.release.xcconfig"; sourceTree = "<group>"; };
		87AC4F34BB26845163A75A4B /* Pods_MuncheeTests.framework */ = {isa = PBXFileReference; explicitFileType = wrapper.framework; includeInIndex = 0; path = Pods_MuncheeTests.framework; sourceTree = BUILT_PRODUCTS_DIR; };
		98E3575C218B8039F4D60C61 /* Pods-MuncheeTests.release.xcconfig */ = {isa = PBXFileReference; includeInIndex = 1; lastKnownFileType = text.xcconfig; name = "Pods-MuncheeTests.release.xcconfig"; path = "Target Support Files/Pods-MuncheeTests/Pods-MuncheeTests.release.xcconfig"; sourceTree = "<group>"; };
		A63E235C22CBF13D0089FE1D /* CreateAccountViewController.swift */ = {isa = PBXFileReference; lastKnownFileType = sourcecode.swift; path = CreateAccountViewController.swift; sourceTree = "<group>"; };
		A63E235F22CBF3560089FE1D /* Common.swift */ = {isa = PBXFileReference; lastKnownFileType = sourcecode.swift; path = Common.swift; sourceTree = "<group>"; };
		A63E236122CBFD3A0089FE1D /* KeyboardDoneBar.xib */ = {isa = PBXFileReference; lastKnownFileType = file.xib; path = KeyboardDoneBar.xib; sourceTree = "<group>"; };
		A63E236322CCEE6D0089FE1D /* LoadingIndicatorView.swift */ = {isa = PBXFileReference; fileEncoding = 4; lastKnownFileType = sourcecode.swift; path = LoadingIndicatorView.swift; sourceTree = "<group>"; };
		A63E236622CCF57C0089FE1D /* UserModel.swift */ = {isa = PBXFileReference; lastKnownFileType = sourcecode.swift; path = UserModel.swift; sourceTree = "<group>"; };
		A63E236B22CCFF370089FE1D /* LoginViewController.swift */ = {isa = PBXFileReference; lastKnownFileType = sourcecode.swift; path = LoginViewController.swift; sourceTree = "<group>"; };
		A63E236D22CD294D0089FE1D /* TermsOfServiceViewController.swift */ = {isa = PBXFileReference; lastKnownFileType = sourcecode.swift; path = TermsOfServiceViewController.swift; sourceTree = "<group>"; };
		A63E237022CD30AC0089FE1D /* MenuTableViewController.swift */ = {isa = PBXFileReference; lastKnownFileType = sourcecode.swift; path = MenuTableViewController.swift; sourceTree = "<group>"; };
		A63E237322CD3A5F0089FE1D /* HomeViewController.swift */ = {isa = PBXFileReference; lastKnownFileType = sourcecode.swift; path = HomeViewController.swift; sourceTree = "<group>"; };
		A6BE788922C159CF00AB7D65 /* Munchee.app */ = {isa = PBXFileReference; explicitFileType = wrapper.application; includeInIndex = 0; path = Munchee.app; sourceTree = BUILT_PRODUCTS_DIR; };
		A6BE788C22C159CF00AB7D65 /* AppDelegate.swift */ = {isa = PBXFileReference; lastKnownFileType = sourcecode.swift; path = AppDelegate.swift; sourceTree = "<group>"; };
		A6BE789122C159CF00AB7D65 /* Base */ = {isa = PBXFileReference; lastKnownFileType = file.storyboard; name = Base; path = Base.lproj/Login.storyboard; sourceTree = "<group>"; };
		A6BE789322C159D000AB7D65 /* Assets.xcassets */ = {isa = PBXFileReference; lastKnownFileType = folder.assetcatalog; path = Assets.xcassets; sourceTree = "<group>"; };
		A6BE789622C159D000AB7D65 /* Base */ = {isa = PBXFileReference; lastKnownFileType = file.storyboard; name = Base; path = Base.lproj/LaunchScreen.storyboard; sourceTree = "<group>"; };
		A6BE789822C159D000AB7D65 /* Info.plist */ = {isa = PBXFileReference; lastKnownFileType = text.plist.xml; path = Info.plist; sourceTree = "<group>"; };
		A6BE789D22C159D000AB7D65 /* MuncheeTests.xctest */ = {isa = PBXFileReference; explicitFileType = wrapper.cfbundle; includeInIndex = 0; path = MuncheeTests.xctest; sourceTree = BUILT_PRODUCTS_DIR; };
		A6BE78A122C159D000AB7D65 /* MuncheeTests.swift */ = {isa = PBXFileReference; lastKnownFileType = sourcecode.swift; path = MuncheeTests.swift; sourceTree = "<group>"; };
		A6BE78A322C159D000AB7D65 /* Info.plist */ = {isa = PBXFileReference; lastKnownFileType = text.plist.xml; path = Info.plist; sourceTree = "<group>"; };
		A6BE78A822C159D000AB7D65 /* MuncheeUITests.xctest */ = {isa = PBXFileReference; explicitFileType = wrapper.cfbundle; includeInIndex = 0; path = MuncheeUITests.xctest; sourceTree = BUILT_PRODUCTS_DIR; };
		A6BE78AC22C159D000AB7D65 /* MuncheeUITests.swift */ = {isa = PBXFileReference; lastKnownFileType = sourcecode.swift; path = MuncheeUITests.swift; sourceTree = "<group>"; };
		A6BE78AE22C159D000AB7D65 /* Info.plist */ = {isa = PBXFileReference; lastKnownFileType = text.plist.xml; path = Info.plist; sourceTree = "<group>"; };
		A6BE78BD22C163ED00AB7D65 /* DriverLogin.storyboard */ = {isa = PBXFileReference; lastKnownFileType = file.storyboard; path = DriverLogin.storyboard; sourceTree = "<group>"; };
		A6BE78C222C16C4900AB7D65 /* Munchee-Bridging-Header.h */ = {isa = PBXFileReference; lastKnownFileType = sourcecode.c.h; path = "Munchee-Bridging-Header.h"; sourceTree = "<group>"; };
		A6BE78C322C16C4900AB7D65 /* SWRevealViewController.h */ = {isa = PBXFileReference; fileEncoding = 4; lastKnownFileType = sourcecode.c.h; path = SWRevealViewController.h; sourceTree = "<group>"; };
		A6BE78C422C16C4900AB7D65 /* SWRevealViewController.m */ = {isa = PBXFileReference; fileEncoding = 4; lastKnownFileType = sourcecode.c.objc; path = SWRevealViewController.m; sourceTree = "<group>"; };
		A6BE78C622C2722600AB7D65 /* UserMain.storyboard */ = {isa = PBXFileReference; lastKnownFileType = file.storyboard; path = UserMain.storyboard; sourceTree = "<group>"; };
		A6BE78C922C29CDE00AB7D65 /* Profile.storyboard */ = {isa = PBXFileReference; lastKnownFileType = file.storyboard; path = Profile.storyboard; sourceTree = "<group>"; };
		A6BE78CB22C29CEF00AB7D65 /* Order.storyboard */ = {isa = PBXFileReference; lastKnownFileType = file.storyboard; path = Order.storyboard; sourceTree = "<group>"; };
		A6BE78CD22C29D0A00AB7D65 /* OrderHistory.storyboard */ = {isa = PBXFileReference; lastKnownFileType = file.storyboard; path = OrderHistory.storyboard; sourceTree = "<group>"; };
		A6BE78CF22C29D1C00AB7D65 /* ContactUs.storyboard */ = {isa = PBXFileReference; lastKnownFileType = file.storyboard; path = ContactUs.storyboard; sourceTree = "<group>"; };
		A6BE78D122C29D2E00AB7D65 /* Application.storyboard */ = {isa = PBXFileReference; lastKnownFileType = file.storyboard; path = Application.storyboard; sourceTree = "<group>"; };
/* End PBXFileReference section */

/* Begin PBXFrameworksBuildPhase section */
		A6BE788622C159CF00AB7D65 /* Frameworks */ = {
			isa = PBXFrameworksBuildPhase;
			buildActionMask = 2147483647;
			files = (
				FF59CECB71AF085E9E1641EC /* Pods_Munchee.framework in Frameworks */,
			);
			runOnlyForDeploymentPostprocessing = 0;
		};
		A6BE789A22C159D000AB7D65 /* Frameworks */ = {
			isa = PBXFrameworksBuildPhase;
			buildActionMask = 2147483647;
			files = (
				F6259ABBAF9960ECD1CC2F5C /* Pods_MuncheeTests.framework in Frameworks */,
			);
			runOnlyForDeploymentPostprocessing = 0;
		};
		A6BE78A522C159D000AB7D65 /* Frameworks */ = {
			isa = PBXFrameworksBuildPhase;
			buildActionMask = 2147483647;
			files = (
				D2888F1FD46D2C1CDF355624 /* Pods_MuncheeUITests.framework in Frameworks */,
			);
			runOnlyForDeploymentPostprocessing = 0;
		};
/* End PBXFrameworksBuildPhase section */

/* Begin PBXGroup section */
		8174223A19259D1AEBD04572 /* Pods */ = {
			isa = PBXGroup;
			children = (
				5DED85EF414D9AE35A4F0B57 /* Pods-Munchee.debug.xcconfig */,
				85AE415C2DEFF24C9DDE0952 /* Pods-Munchee.release.xcconfig */,
				2844FD41AF5952CA2E030F9D /* Pods-MuncheeTests.debug.xcconfig */,
				98E3575C218B8039F4D60C61 /* Pods-MuncheeTests.release.xcconfig */,
				7C4861BD0A1BB1CE52F8669B /* Pods-MuncheeUITests.debug.xcconfig */,
				5F7E50B57E04FDE92F1A969F /* Pods-MuncheeUITests.release.xcconfig */,
			);
			path = Pods;
			sourceTree = "<group>";
		};
		8240FAA6E1D100B340D18191 /* Frameworks */ = {
			isa = PBXGroup;
			children = (
				5E5DC09ABE5819B59831DD82 /* Pods_Munchee.framework */,
				87AC4F34BB26845163A75A4B /* Pods_MuncheeTests.framework */,
				6A192EDFE366FF3C0B2DEA72 /* Pods_MuncheeUITests.framework */,
			);
			name = Frameworks;
			sourceTree = "<group>";
		};
		A63E235E22CBF3430089FE1D /* Shared */ = {
			isa = PBXGroup;
			children = (
				A63E236322CCEE6D0089FE1D /* LoadingIndicatorView.swift */,
				A63E235F22CBF3560089FE1D /* Common.swift */,
				A63E236122CBFD3A0089FE1D /* KeyboardDoneBar.xib */,
			);
			path = Shared;
			sourceTree = "<group>";
		};
		A63E236522CCEEF20089FE1D /* Models */ = {
			isa = PBXGroup;
			children = (
				A63E236622CCF57C0089FE1D /* UserModel.swift */,
			);
			path = Models;
			sourceTree = "<group>";
		};
		A63E236A22CCFA110089FE1D /* Login */ = {
			isa = PBXGroup;
			children = (
				A63E235C22CBF13D0089FE1D /* CreateAccountViewController.swift */,
				A63E236B22CCFF370089FE1D /* LoginViewController.swift */,
				A63E236D22CD294D0089FE1D /* TermsOfServiceViewController.swift */,
			);
			path = Login;
			sourceTree = "<group>";
		};
		A63E236F22CD307D0089FE1D /* Drawer */ = {
			isa = PBXGroup;
			children = (
				A63E237022CD30AC0089FE1D /* MenuTableViewController.swift */,
			);
			path = Drawer;
			sourceTree = "<group>";
		};
		A63E237222CD3A4E0089FE1D /* Order */ = {
			isa = PBXGroup;
			children = (
				A63E237322CD3A5F0089FE1D /* HomeViewController.swift */,
			);
			path = Order;
			sourceTree = "<group>";
		};
		A6BE788022C159CF00AB7D65 = {
			isa = PBXGroup;
			children = (
				A63E235E22CBF3430089FE1D /* Shared */,
				A6BE78C122C16C3500AB7D65 /* SWRevealViewController */,
				A6BE78BB22C163D200AB7D65 /* Driver */,
				A6BE788B22C159CF00AB7D65 /* Munchee */,
				A6BE78A022C159D000AB7D65 /* MuncheeTests */,
				A6BE78AB22C159D000AB7D65 /* MuncheeUITests */,
				A6BE788A22C159CF00AB7D65 /* Products */,
				8174223A19259D1AEBD04572 /* Pods */,
				8240FAA6E1D100B340D18191 /* Frameworks */,
			);
			sourceTree = "<group>";
		};
		A6BE788A22C159CF00AB7D65 /* Products */ = {
			isa = PBXGroup;
			children = (
				A6BE788922C159CF00AB7D65 /* Munchee.app */,
				A6BE789D22C159D000AB7D65 /* MuncheeTests.xctest */,
				A6BE78A822C159D000AB7D65 /* MuncheeUITests.xctest */,
			);
			name = Products;
			sourceTree = "<group>";
		};
		A6BE788B22C159CF00AB7D65 /* Munchee */ = {
			isa = PBXGroup;
			children = (
				A63E236522CCEEF20089FE1D /* Models */,
				A63E236F22CD307D0089FE1D /* Drawer */,
				A63E236A22CCFA110089FE1D /* Login */,
				A63E237222CD3A4E0089FE1D /* Order */,
				A6BE78BA22C15CB200AB7D65 /* Storyboards */,
				A6BE788C22C159CF00AB7D65 /* AppDelegate.swift */,
				A6BE789322C159D000AB7D65 /* Assets.xcassets */,
				A6BE789522C159D000AB7D65 /* LaunchScreen.storyboard */,
				A6BE789822C159D000AB7D65 /* Info.plist */,
			);
			path = Munchee;
			sourceTree = "<group>";
		};
		A6BE78A022C159D000AB7D65 /* MuncheeTests */ = {
			isa = PBXGroup;
			children = (
				A6BE78A122C159D000AB7D65 /* MuncheeTests.swift */,
				A6BE78A322C159D000AB7D65 /* Info.plist */,
			);
			path = MuncheeTests;
			sourceTree = "<group>";
		};
		A6BE78AB22C159D000AB7D65 /* MuncheeUITests */ = {
			isa = PBXGroup;
			children = (
				A6BE78AC22C159D000AB7D65 /* MuncheeUITests.swift */,
				A6BE78AE22C159D000AB7D65 /* Info.plist */,
			);
			path = MuncheeUITests;
			sourceTree = "<group>";
		};
		A6BE78BA22C15CB200AB7D65 /* Storyboards */ = {
			isa = PBXGroup;
			children = (
				A6BE789022C159CF00AB7D65 /* Login.storyboard */,
				A6BE78C622C2722600AB7D65 /* UserMain.storyboard */,
				A6BE78C922C29CDE00AB7D65 /* Profile.storyboard */,
				A6BE78CB22C29CEF00AB7D65 /* Order.storyboard */,
				A6BE78CD22C29D0A00AB7D65 /* OrderHistory.storyboard */,
				A6BE78CF22C29D1C00AB7D65 /* ContactUs.storyboard */,
				A6BE78D122C29D2E00AB7D65 /* Application.storyboard */,
			);
			path = Storyboards;
			sourceTree = "<group>";
		};
		A6BE78BB22C163D200AB7D65 /* Driver */ = {
			isa = PBXGroup;
			children = (
				A6BE78BC22C163DA00AB7D65 /* Storyboards */,
			);
			path = Driver;
			sourceTree = "<group>";
		};
		A6BE78BC22C163DA00AB7D65 /* Storyboards */ = {
			isa = PBXGroup;
			children = (
				A6BE78BD22C163ED00AB7D65 /* DriverLogin.storyboard */,
			);
			path = Storyboards;
			sourceTree = "<group>";
		};
		A6BE78C122C16C3500AB7D65 /* SWRevealViewController */ = {
			isa = PBXGroup;
			children = (
				A6BE78C322C16C4900AB7D65 /* SWRevealViewController.h */,
				A6BE78C422C16C4900AB7D65 /* SWRevealViewController.m */,
				A6BE78C222C16C4900AB7D65 /* Munchee-Bridging-Header.h */,
			);
			path = SWRevealViewController;
			sourceTree = "<group>";
		};
/* End PBXGroup section */

/* Begin PBXNativeTarget section */
		A6BE788822C159CF00AB7D65 /* Munchee */ = {
			isa = PBXNativeTarget;
			buildConfigurationList = A6BE78B122C159D000AB7D65 /* Build configuration list for PBXNativeTarget "Munchee" */;
			buildPhases = (
				A3400DD7A9CA827E4700B947 /* [CP] Check Pods Manifest.lock */,
				A6BE788522C159CF00AB7D65 /* Sources */,
				A6BE788622C159CF00AB7D65 /* Frameworks */,
				A6BE788722C159CF00AB7D65 /* Resources */,
				D86A25067D5E534741241831 /* [CP] Embed Pods Frameworks */,
			);
			buildRules = (
			);
			dependencies = (
			);
			name = Munchee;
			productName = Munchee;
			productReference = A6BE788922C159CF00AB7D65 /* Munchee.app */;
			productType = "com.apple.product-type.application";
		};
		A6BE789C22C159D000AB7D65 /* MuncheeTests */ = {
			isa = PBXNativeTarget;
			buildConfigurationList = A6BE78B422C159D000AB7D65 /* Build configuration list for PBXNativeTarget "MuncheeTests" */;
			buildPhases = (
				97BCDC5BD4B35A12A9B4D623 /* [CP] Check Pods Manifest.lock */,
				A6BE789922C159D000AB7D65 /* Sources */,
				A6BE789A22C159D000AB7D65 /* Frameworks */,
				A6BE789B22C159D000AB7D65 /* Resources */,
			);
			buildRules = (
			);
			dependencies = (
				A6BE789F22C159D000AB7D65 /* PBXTargetDependency */,
			);
			name = MuncheeTests;
			productName = MuncheeTests;
			productReference = A6BE789D22C159D000AB7D65 /* MuncheeTests.xctest */;
			productType = "com.apple.product-type.bundle.unit-test";
		};
		A6BE78A722C159D000AB7D65 /* MuncheeUITests */ = {
			isa = PBXNativeTarget;
			buildConfigurationList = A6BE78B722C159D000AB7D65 /* Build configuration list for PBXNativeTarget "MuncheeUITests" */;
			buildPhases = (
				7B3E22B1A9624DF1C49766C3 /* [CP] Check Pods Manifest.lock */,
				A6BE78A422C159D000AB7D65 /* Sources */,
				A6BE78A522C159D000AB7D65 /* Frameworks */,
				A6BE78A622C159D000AB7D65 /* Resources */,
			);
			buildRules = (
			);
			dependencies = (
				A6BE78AA22C159D000AB7D65 /* PBXTargetDependency */,
			);
			name = MuncheeUITests;
			productName = MuncheeUITests;
			productReference = A6BE78A822C159D000AB7D65 /* MuncheeUITests.xctest */;
			productType = "com.apple.product-type.bundle.ui-testing";
		};
/* End PBXNativeTarget section */

/* Begin PBXProject section */
		A6BE788122C159CF00AB7D65 /* Project object */ = {
			isa = PBXProject;
			attributes = {
				LastSwiftUpdateCheck = 1020;
				LastUpgradeCheck = 1020;
				ORGANIZATIONNAME = "Austin Turner";
				TargetAttributes = {
					A6BE788822C159CF00AB7D65 = {
						CreatedOnToolsVersion = 10.2.1;
						LastSwiftMigration = 1020;
					};
					A6BE789C22C159D000AB7D65 = {
						CreatedOnToolsVersion = 10.2.1;
						TestTargetID = A6BE788822C159CF00AB7D65;
					};
					A6BE78A722C159D000AB7D65 = {
						CreatedOnToolsVersion = 10.2.1;
						TestTargetID = A6BE788822C159CF00AB7D65;
					};
				};
			};
			buildConfigurationList = A6BE788422C159CF00AB7D65 /* Build configuration list for PBXProject "Munchee" */;
			compatibilityVersion = "Xcode 9.3";
			developmentRegion = en;
			hasScannedForEncodings = 0;
			knownRegions = (
				en,
				Base,
			);
			mainGroup = A6BE788022C159CF00AB7D65;
			productRefGroup = A6BE788A22C159CF00AB7D65 /* Products */;
			projectDirPath = "";
			projectRoot = "";
			targets = (
				A6BE788822C159CF00AB7D65 /* Munchee */,
				A6BE789C22C159D000AB7D65 /* MuncheeTests */,
				A6BE78A722C159D000AB7D65 /* MuncheeUITests */,
			);
		};
/* End PBXProject section */

/* Begin PBXResourcesBuildPhase section */
		A6BE788722C159CF00AB7D65 /* Resources */ = {
			isa = PBXResourcesBuildPhase;
			buildActionMask = 2147483647;
			files = (
				A6BE78CA22C29CDE00AB7D65 /* Profile.storyboard in Resources */,
				A6BE78BE22C163ED00AB7D65 /* DriverLogin.storyboard in Resources */,
				A6BE78C722C2722600AB7D65 /* UserMain.storyboard in Resources */,
				A6BE789722C159D000AB7D65 /* LaunchScreen.storyboard in Resources */,
				A6BE78D022C29D1C00AB7D65 /* ContactUs.storyboard in Resources */,
				A6BE78CE22C29D0A00AB7D65 /* OrderHistory.storyboard in Resources */,
				A6BE78CC22C29CEF00AB7D65 /* Order.storyboard in Resources */,
				A63E236222CBFD3A0089FE1D /* KeyboardDoneBar.xib in Resources */,
				A6BE78D222C29D2E00AB7D65 /* Application.storyboard in Resources */,
				A6BE789422C159D000AB7D65 /* Assets.xcassets in Resources */,
				A6BE789222C159CF00AB7D65 /* Login.storyboard in Resources */,
			);
			runOnlyForDeploymentPostprocessing = 0;
		};
		A6BE789B22C159D000AB7D65 /* Resources */ = {
			isa = PBXResourcesBuildPhase;
			buildActionMask = 2147483647;
			files = (
			);
			runOnlyForDeploymentPostprocessing = 0;
		};
		A6BE78A622C159D000AB7D65 /* Resources */ = {
			isa = PBXResourcesBuildPhase;
			buildActionMask = 2147483647;
			files = (
			);
			runOnlyForDeploymentPostprocessing = 0;
		};
/* End PBXResourcesBuildPhase section */

/* Begin PBXShellScriptBuildPhase section */
		7B3E22B1A9624DF1C49766C3 /* [CP] Check Pods Manifest.lock */ = {
			isa = PBXShellScriptBuildPhase;
			buildActionMask = 2147483647;
			files = (
			);
			inputFileListPaths = (
			);
			inputPaths = (
				"${PODS_PODFILE_DIR_PATH}/Podfile.lock",
				"${PODS_ROOT}/Manifest.lock",
			);
			name = "[CP] Check Pods Manifest.lock";
			outputFileListPaths = (
			);
			outputPaths = (
				"$(DERIVED_FILE_DIR)/Pods-MuncheeUITests-checkManifestLockResult.txt",
			);
			runOnlyForDeploymentPostprocessing = 0;
			shellPath = /bin/sh;
			shellScript = "diff \"${PODS_PODFILE_DIR_PATH}/Podfile.lock\" \"${PODS_ROOT}/Manifest.lock\" > /dev/null\nif [ $? != 0 ] ; then\n    # print error to STDERR\n    echo \"error: The sandbox is not in sync with the Podfile.lock. Run 'pod install' or update your CocoaPods installation.\" >&2\n    exit 1\nfi\n# This output is used by Xcode 'outputs' to avoid re-running this script phase.\necho \"SUCCESS\" > \"${SCRIPT_OUTPUT_FILE_0}\"\n";
			showEnvVarsInLog = 0;
		};
		97BCDC5BD4B35A12A9B4D623 /* [CP] Check Pods Manifest.lock */ = {
			isa = PBXShellScriptBuildPhase;
			buildActionMask = 2147483647;
			files = (
			);
			inputFileListPaths = (
			);
			inputPaths = (
				"${PODS_PODFILE_DIR_PATH}/Podfile.lock",
				"${PODS_ROOT}/Manifest.lock",
			);
			name = "[CP] Check Pods Manifest.lock";
			outputFileListPaths = (
			);
			outputPaths = (
				"$(DERIVED_FILE_DIR)/Pods-MuncheeTests-checkManifestLockResult.txt",
			);
			runOnlyForDeploymentPostprocessing = 0;
			shellPath = /bin/sh;
			shellScript = "diff \"${PODS_PODFILE_DIR_PATH}/Podfile.lock\" \"${PODS_ROOT}/Manifest.lock\" > /dev/null\nif [ $? != 0 ] ; then\n    # print error to STDERR\n    echo \"error: The sandbox is not in sync with the Podfile.lock. Run 'pod install' or update your CocoaPods installation.\" >&2\n    exit 1\nfi\n# This output is used by Xcode 'outputs' to avoid re-running this script phase.\necho \"SUCCESS\" > \"${SCRIPT_OUTPUT_FILE_0}\"\n";
			showEnvVarsInLog = 0;
		};
		A3400DD7A9CA827E4700B947 /* [CP] Check Pods Manifest.lock */ = {
			isa = PBXShellScriptBuildPhase;
			buildActionMask = 2147483647;
			files = (
			);
			inputFileListPaths = (
			);
			inputPaths = (
				"${PODS_PODFILE_DIR_PATH}/Podfile.lock",
				"${PODS_ROOT}/Manifest.lock",
			);
			name = "[CP] Check Pods Manifest.lock";
			outputFileListPaths = (
			);
			outputPaths = (
				"$(DERIVED_FILE_DIR)/Pods-Munchee-checkManifestLockResult.txt",
			);
			runOnlyForDeploymentPostprocessing = 0;
			shellPath = /bin/sh;
			shellScript = "diff \"${PODS_PODFILE_DIR_PATH}/Podfile.lock\" \"${PODS_ROOT}/Manifest.lock\" > /dev/null\nif [ $? != 0 ] ; then\n    # print error to STDERR\n    echo \"error: The sandbox is not in sync with the Podfile.lock. Run 'pod install' or update your CocoaPods installation.\" >&2\n    exit 1\nfi\n# This output is used by Xcode 'outputs' to avoid re-running this script phase.\necho \"SUCCESS\" > \"${SCRIPT_OUTPUT_FILE_0}\"\n";
			showEnvVarsInLog = 0;
		};
		D86A25067D5E534741241831 /* [CP] Embed Pods Frameworks */ = {
			isa = PBXShellScriptBuildPhase;
			buildActionMask = 2147483647;
			files = (
			);
			inputFileListPaths = (
				"${PODS_ROOT}/Target Support Files/Pods-Munchee/Pods-Munchee-frameworks-${CONFIGURATION}-input-files.xcfilelist",
			);
			name = "[CP] Embed Pods Frameworks";
			outputFileListPaths = (
				"${PODS_ROOT}/Target Support Files/Pods-Munchee/Pods-Munchee-frameworks-${CONFIGURATION}-output-files.xcfilelist",
			);
			runOnlyForDeploymentPostprocessing = 0;
			shellPath = /bin/sh;
			shellScript = "\"${PODS_ROOT}/Target Support Files/Pods-Munchee/Pods-Munchee-frameworks.sh\"\n";
			showEnvVarsInLog = 0;
		};
/* End PBXShellScriptBuildPhase section */

/* Begin PBXSourcesBuildPhase section */
		A6BE788522C159CF00AB7D65 /* Sources */ = {
			isa = PBXSourcesBuildPhase;
			buildActionMask = 2147483647;
			files = (
				A63E236C22CCFF370089FE1D /* LoginViewController.swift in Sources */,
				A63E236E22CD294D0089FE1D /* TermsOfServiceViewController.swift in Sources */,
				A63E236022CBF3560089FE1D /* Common.swift in Sources */,
				A63E236422CCEE6D0089FE1D /* LoadingIndicatorView.swift in Sources */,
				A63E235D22CBF13D0089FE1D /* CreateAccountViewController.swift in Sources */,
				A63E237422CD3A5F0089FE1D /* HomeViewController.swift in Sources */,
				A63E237122CD30AC0089FE1D /* MenuTableViewController.swift in Sources */,
				A6BE788D22C159CF00AB7D65 /* AppDelegate.swift in Sources */,
				A63E236722CCF57C0089FE1D /* UserModel.swift in Sources */,
				A6BE78C522C16C4900AB7D65 /* SWRevealViewController.m in Sources */,
			);
			runOnlyForDeploymentPostprocessing = 0;
		};
		A6BE789922C159D000AB7D65 /* Sources */ = {
			isa = PBXSourcesBuildPhase;
			buildActionMask = 2147483647;
			files = (
				A6BE78A222C159D000AB7D65 /* MuncheeTests.swift in Sources */,
			);
			runOnlyForDeploymentPostprocessing = 0;
		};
		A6BE78A422C159D000AB7D65 /* Sources */ = {
			isa = PBXSourcesBuildPhase;
			buildActionMask = 2147483647;
			files = (
				A6BE78AD22C159D000AB7D65 /* MuncheeUITests.swift in Sources */,
			);
			runOnlyForDeploymentPostprocessing = 0;
		};
/* End PBXSourcesBuildPhase section */

/* Begin PBXTargetDependency section */
		A6BE789F22C159D000AB7D65 /* PBXTargetDependency */ = {
			isa = PBXTargetDependency;
			target = A6BE788822C159CF00AB7D65 /* Munchee */;
			targetProxy = A6BE789E22C159D000AB7D65 /* PBXContainerItemProxy */;
		};
		A6BE78AA22C159D000AB7D65 /* PBXTargetDependency */ = {
			isa = PBXTargetDependency;
			target = A6BE788822C159CF00AB7D65 /* Munchee */;
			targetProxy = A6BE78A922C159D000AB7D65 /* PBXContainerItemProxy */;
		};
/* End PBXTargetDependency section */

/* Begin PBXVariantGroup section */
		A6BE789022C159CF00AB7D65 /* Login.storyboard */ = {
			isa = PBXVariantGroup;
			children = (
				A6BE789122C159CF00AB7D65 /* Base */,
			);
			name = Login.storyboard;
			sourceTree = "<group>";
		};
		A6BE789522C159D000AB7D65 /* LaunchScreen.storyboard */ = {
			isa = PBXVariantGroup;
			children = (
				A6BE789622C159D000AB7D65 /* Base */,
			);
			name = LaunchScreen.storyboard;
			sourceTree = "<group>";
		};
/* End PBXVariantGroup section */

/* Begin XCBuildConfiguration section */
		A6BE78AF22C159D000AB7D65 /* Debug */ = {
			isa = XCBuildConfiguration;
			buildSettings = {
				ALWAYS_SEARCH_USER_PATHS = NO;
				CLANG_ANALYZER_NONNULL = YES;
				CLANG_ANALYZER_NUMBER_OBJECT_CONVERSION = YES_AGGRESSIVE;
				CLANG_CXX_LANGUAGE_STANDARD = "gnu++14";
				CLANG_CXX_LIBRARY = "libc++";
				CLANG_ENABLE_MODULES = YES;
				CLANG_ENABLE_OBJC_ARC = YES;
				CLANG_ENABLE_OBJC_WEAK = YES;
				CLANG_WARN_BLOCK_CAPTURE_AUTORELEASING = YES;
				CLANG_WARN_BOOL_CONVERSION = YES;
				CLANG_WARN_COMMA = YES;
				CLANG_WARN_CONSTANT_CONVERSION = YES;
				CLANG_WARN_DEPRECATED_OBJC_IMPLEMENTATIONS = YES;
				CLANG_WARN_DIRECT_OBJC_ISA_USAGE = YES_ERROR;
				CLANG_WARN_DOCUMENTATION_COMMENTS = YES;
				CLANG_WARN_EMPTY_BODY = YES;
				CLANG_WARN_ENUM_CONVERSION = YES;
				CLANG_WARN_INFINITE_RECURSION = YES;
				CLANG_WARN_INT_CONVERSION = YES;
				CLANG_WARN_NON_LITERAL_NULL_CONVERSION = YES;
				CLANG_WARN_OBJC_IMPLICIT_RETAIN_SELF = YES;
				CLANG_WARN_OBJC_LITERAL_CONVERSION = YES;
				CLANG_WARN_OBJC_ROOT_CLASS = YES_ERROR;
				CLANG_WARN_RANGE_LOOP_ANALYSIS = YES;
				CLANG_WARN_STRICT_PROTOTYPES = YES;
				CLANG_WARN_SUSPICIOUS_MOVE = YES;
				CLANG_WARN_UNGUARDED_AVAILABILITY = YES_AGGRESSIVE;
				CLANG_WARN_UNREACHABLE_CODE = YES;
				CLANG_WARN__DUPLICATE_METHOD_MATCH = YES;
				CODE_SIGN_IDENTITY = "iPhone Developer";
				COPY_PHASE_STRIP = NO;
				DEBUG_INFORMATION_FORMAT = dwarf;
				ENABLE_STRICT_OBJC_MSGSEND = YES;
				ENABLE_TESTABILITY = YES;
				GCC_C_LANGUAGE_STANDARD = gnu11;
				GCC_DYNAMIC_NO_PIC = NO;
				GCC_NO_COMMON_BLOCKS = YES;
				GCC_OPTIMIZATION_LEVEL = 0;
				GCC_PREPROCESSOR_DEFINITIONS = (
					"DEBUG=1",
					"$(inherited)",
				);
				GCC_WARN_64_TO_32_BIT_CONVERSION = YES;
				GCC_WARN_ABOUT_RETURN_TYPE = YES_ERROR;
				GCC_WARN_UNDECLARED_SELECTOR = YES;
				GCC_WARN_UNINITIALIZED_AUTOS = YES_AGGRESSIVE;
				GCC_WARN_UNUSED_FUNCTION = YES;
				GCC_WARN_UNUSED_VARIABLE = YES;
				IPHONEOS_DEPLOYMENT_TARGET = 12.2;
				MTL_ENABLE_DEBUG_INFO = INCLUDE_SOURCE;
				MTL_FAST_MATH = YES;
				ONLY_ACTIVE_ARCH = YES;
				SDKROOT = iphoneos;
				SWIFT_ACTIVE_COMPILATION_CONDITIONS = DEBUG;
				SWIFT_OPTIMIZATION_LEVEL = "-Onone";
			};
			name = Debug;
		};
		A6BE78B022C159D000AB7D65 /* Release */ = {
			isa = XCBuildConfiguration;
			buildSettings = {
				ALWAYS_SEARCH_USER_PATHS = NO;
				CLANG_ANALYZER_NONNULL = YES;
				CLANG_ANALYZER_NUMBER_OBJECT_CONVERSION = YES_AGGRESSIVE;
				CLANG_CXX_LANGUAGE_STANDARD = "gnu++14";
				CLANG_CXX_LIBRARY = "libc++";
				CLANG_ENABLE_MODULES = YES;
				CLANG_ENABLE_OBJC_ARC = YES;
				CLANG_ENABLE_OBJC_WEAK = YES;
				CLANG_WARN_BLOCK_CAPTURE_AUTORELEASING = YES;
				CLANG_WARN_BOOL_CONVERSION = YES;
				CLANG_WARN_COMMA = YES;
				CLANG_WARN_CONSTANT_CONVERSION = YES;
				CLANG_WARN_DEPRECATED_OBJC_IMPLEMENTATIONS = YES;
				CLANG_WARN_DIRECT_OBJC_ISA_USAGE = YES_ERROR;
				CLANG_WARN_DOCUMENTATION_COMMENTS = YES;
				CLANG_WARN_EMPTY_BODY = YES;
				CLANG_WARN_ENUM_CONVERSION = YES;
				CLANG_WARN_INFINITE_RECURSION = YES;
				CLANG_WARN_INT_CONVERSION = YES;
				CLANG_WARN_NON_LITERAL_NULL_CONVERSION = YES;
				CLANG_WARN_OBJC_IMPLICIT_RETAIN_SELF = YES;
				CLANG_WARN_OBJC_LITERAL_CONVERSION = YES;
				CLANG_WARN_OBJC_ROOT_CLASS = YES_ERROR;
				CLANG_WARN_RANGE_LOOP_ANALYSIS = YES;
				CLANG_WARN_STRICT_PROTOTYPES = YES;
				CLANG_WARN_SUSPICIOUS_MOVE = YES;
				CLANG_WARN_UNGUARDED_AVAILABILITY = YES_AGGRESSIVE;
				CLANG_WARN_UNREACHABLE_CODE = YES;
				CLANG_WARN__DUPLICATE_METHOD_MATCH = YES;
				CODE_SIGN_IDENTITY = "iPhone Developer";
				COPY_PHASE_STRIP = NO;
				DEBUG_INFORMATION_FORMAT = "dwarf-with-dsym";
				ENABLE_NS_ASSERTIONS = NO;
				ENABLE_STRICT_OBJC_MSGSEND = YES;
				GCC_C_LANGUAGE_STANDARD = gnu11;
				GCC_NO_COMMON_BLOCKS = YES;
				GCC_WARN_64_TO_32_BIT_CONVERSION = YES;
				GCC_WARN_ABOUT_RETURN_TYPE = YES_ERROR;
				GCC_WARN_UNDECLARED_SELECTOR = YES;
				GCC_WARN_UNINITIALIZED_AUTOS = YES_AGGRESSIVE;
				GCC_WARN_UNUSED_FUNCTION = YES;
				GCC_WARN_UNUSED_VARIABLE = YES;
				IPHONEOS_DEPLOYMENT_TARGET = 12.2;
				MTL_ENABLE_DEBUG_INFO = NO;
				MTL_FAST_MATH = YES;
				SDKROOT = iphoneos;
				SWIFT_COMPILATION_MODE = wholemodule;
				SWIFT_OPTIMIZATION_LEVEL = "-O";
				VALIDATE_PRODUCT = YES;
			};
			name = Release;
		};
		A6BE78B222C159D000AB7D65 /* Debug */ = {
			isa = XCBuildConfiguration;
			baseConfigurationReference = 5DED85EF414D9AE35A4F0B57 /* Pods-Munchee.debug.xcconfig */;
			buildSettings = {
				ASSETCATALOG_COMPILER_APPICON_NAME = AppIcon;
				CLANG_ENABLE_MODULES = YES;
				CODE_SIGN_STYLE = Automatic;
				DEVELOPMENT_TEAM = RGR8SN4X95;
				INFOPLIST_FILE = Munchee/Info.plist;
				LD_RUNPATH_SEARCH_PATHS = (
					"$(inherited)",
					"@executable_path/Frameworks",
				);
				PRODUCT_BUNDLE_IDENTIFIER = com.turnerApps.Munchee;
				PRODUCT_NAME = "$(TARGET_NAME)";
				SWIFT_OBJC_BRIDGING_HEADER = "SWRevealViewController/Munchee-Bridging-Header.h";
				SWIFT_OPTIMIZATION_LEVEL = "-Onone";
				SWIFT_VERSION = 5.0;
				TARGETED_DEVICE_FAMILY = "1,2";
			};
			name = Debug;
		};
		A6BE78B322C159D000AB7D65 /* Release */ = {
			isa = XCBuildConfiguration;
			baseConfigurationReference = 85AE415C2DEFF24C9DDE0952 /* Pods-Munchee.release.xcconfig */;
			buildSettings = {
				ASSETCATALOG_COMPILER_APPICON_NAME = AppIcon;
				CLANG_ENABLE_MODULES = YES;
				CODE_SIGN_STYLE = Automatic;
				DEVELOPMENT_TEAM = RGR8SN4X95;
				INFOPLIST_FILE = Munchee/Info.plist;
				LD_RUNPATH_SEARCH_PATHS = (
					"$(inherited)",
					"@executable_path/Frameworks",
				);
				PRODUCT_BUNDLE_IDENTIFIER = com.turnerApps.Munchee;
				PRODUCT_NAME = "$(TARGET_NAME)";
				SWIFT_OBJC_BRIDGING_HEADER = "SWRevealViewController/Munchee-Bridging-Header.h";
				SWIFT_VERSION = 5.0;
				TARGETED_DEVICE_FAMILY = "1,2";
			};
			name = Release;
		};
		A6BE78B522C159D000AB7D65 /* Debug */ = {
			isa = XCBuildConfiguration;
			baseConfigurationReference = 2844FD41AF5952CA2E030F9D /* Pods-MuncheeTests.debug.xcconfig */;
			buildSettings = {
				ALWAYS_EMBED_SWIFT_STANDARD_LIBRARIES = YES;
				BUNDLE_LOADER = "$(TEST_HOST)";
				CODE_SIGN_STYLE = Automatic;
				DEVELOPMENT_TEAM = RGR8SN4X95;
				INFOPLIST_FILE = MuncheeTests/Info.plist;
				LD_RUNPATH_SEARCH_PATHS = (
					"$(inherited)",
					"@executable_path/Frameworks",
					"@loader_path/Frameworks",
				);
				PRODUCT_BUNDLE_IDENTIFIER = com.turnerApps.MuncheeTests;
				PRODUCT_NAME = "$(TARGET_NAME)";
				SWIFT_VERSION = 5.0;
				TARGETED_DEVICE_FAMILY = "1,2";
				TEST_HOST = "$(BUILT_PRODUCTS_DIR)/Munchee.app/Munchee";
			};
			name = Debug;
		};
		A6BE78B622C159D000AB7D65 /* Release */ = {
			isa = XCBuildConfiguration;
			baseConfigurationReference = 98E3575C218B8039F4D60C61 /* Pods-MuncheeTests.release.xcconfig */;
			buildSettings = {
				ALWAYS_EMBED_SWIFT_STANDARD_LIBRARIES = YES;
				BUNDLE_LOADER = "$(TEST_HOST)";
				CODE_SIGN_STYLE = Automatic;
				DEVELOPMENT_TEAM = RGR8SN4X95;
				INFOPLIST_FILE = MuncheeTests/Info.plist;
				LD_RUNPATH_SEARCH_PATHS = (
					"$(inherited)",
					"@executable_path/Frameworks",
					"@loader_path/Frameworks",
				);
				PRODUCT_BUNDLE_IDENTIFIER = com.turnerApps.MuncheeTests;
				PRODUCT_NAME = "$(TARGET_NAME)";
				SWIFT_VERSION = 5.0;
				TARGETED_DEVICE_FAMILY = "1,2";
				TEST_HOST = "$(BUILT_PRODUCTS_DIR)/Munchee.app/Munchee";
			};
			name = Release;
		};
		A6BE78B822C159D000AB7D65 /* Debug */ = {
			isa = XCBuildConfiguration;
			baseConfigurationReference = 7C4861BD0A1BB1CE52F8669B /* Pods-MuncheeUITests.debug.xcconfig */;
			buildSettings = {
				ALWAYS_EMBED_SWIFT_STANDARD_LIBRARIES = YES;
				CODE_SIGN_STYLE = Automatic;
				DEVELOPMENT_TEAM = RGR8SN4X95;
				INFOPLIST_FILE = MuncheeUITests/Info.plist;
				LD_RUNPATH_SEARCH_PATHS = (
					"$(inherited)",
					"@executable_path/Frameworks",
					"@loader_path/Frameworks",
				);
				PRODUCT_BUNDLE_IDENTIFIER = com.turnerApps.MuncheeUITests;
				PRODUCT_NAME = "$(TARGET_NAME)";
				SWIFT_VERSION = 5.0;
				TARGETED_DEVICE_FAMILY = "1,2";
				TEST_TARGET_NAME = Munchee;
			};
			name = Debug;
		};
		A6BE78B922C159D000AB7D65 /* Release */ = {
			isa = XCBuildConfiguration;
			baseConfigurationReference = 5F7E50B57E04FDE92F1A969F /* Pods-MuncheeUITests.release.xcconfig */;
			buildSettings = {
				ALWAYS_EMBED_SWIFT_STANDARD_LIBRARIES = YES;
				CODE_SIGN_STYLE = Automatic;
				DEVELOPMENT_TEAM = RGR8SN4X95;
				INFOPLIST_FILE = MuncheeUITests/Info.plist;
				LD_RUNPATH_SEARCH_PATHS = (
					"$(inherited)",
					"@executable_path/Frameworks",
					"@loader_path/Frameworks",
				);
				PRODUCT_BUNDLE_IDENTIFIER = com.turnerApps.MuncheeUITests;
				PRODUCT_NAME = "$(TARGET_NAME)";
				SWIFT_VERSION = 5.0;
				TARGETED_DEVICE_FAMILY = "1,2";
				TEST_TARGET_NAME = Munchee;
			};
			name = Release;
		};
/* End XCBuildConfiguration section */

/* Begin XCConfigurationList section */
		A6BE788422C159CF00AB7D65 /* Build configuration list for PBXProject "Munchee" */ = {
			isa = XCConfigurationList;
			buildConfigurations = (
				A6BE78AF22C159D000AB7D65 /* Debug */,
				A6BE78B022C159D000AB7D65 /* Release */,
			);
			defaultConfigurationIsVisible = 0;
			defaultConfigurationName = Release;
		};
		A6BE78B122C159D000AB7D65 /* Build configuration list for PBXNativeTarget "Munchee" */ = {
			isa = XCConfigurationList;
			buildConfigurations = (
				A6BE78B222C159D000AB7D65 /* Debug */,
				A6BE78B322C159D000AB7D65 /* Release */,
			);
			defaultConfigurationIsVisible = 0;
			defaultConfigurationName = Release;
		};
		A6BE78B422C159D000AB7D65 /* Build configuration list for PBXNativeTarget "MuncheeTests" */ = {
			isa = XCConfigurationList;
			buildConfigurations = (
				A6BE78B522C159D000AB7D65 /* Debug */,
				A6BE78B622C159D000AB7D65 /* Release */,
			);
			defaultConfigurationIsVisible = 0;
			defaultConfigurationName = Release;
		};
		A6BE78B722C159D000AB7D65 /* Build configuration list for PBXNativeTarget "MuncheeUITests" */ = {
			isa = XCConfigurationList;
			buildConfigurations = (
				A6BE78B822C159D000AB7D65 /* Debug */,
				A6BE78B922C159D000AB7D65 /* Release */,
			);
			defaultConfigurationIsVisible = 0;
			defaultConfigurationName = Release;
		};
/* End XCConfigurationList section */
	};
	rootObject = A6BE788122C159CF00AB7D65 /* Project object */;
}
